<?xml version="1.0" encoding="utf-8"?>
<Project ToolsVersion="4.0" xmlns="http://schemas.microsoft.com/developer/msbuild/2003">
  <ItemGroup>
    <Filter Include="Source Files">
      <UniqueIdentifier>{4FC737F1-C7A5-4376-A066-2A32D752A2FF}</UniqueIdentifier>
      <Extensions>cpp;cxx;c;def</Extensions>
    </Filter>
    <Filter Include="Header Files">
      <UniqueIdentifier>{93995380-89BD-4b04-88EB-625FBE52EBFB}</UniqueIdentifier>
      <Extensions>h</Extensions>
    </Filter>
    <Filter Include="Form Files">
      <UniqueIdentifier>{99349809-55BA-4b9d-BF79-8FDBB0286EB3}</UniqueIdentifier>
      <Extensions>ui</Extensions>
    </Filter>
    <Filter Include="Resource Files">
      <UniqueIdentifier>{D9D6E242-F8AF-46E4-B9FD-80ECBC20BA3E}</UniqueIdentifier>
      <Extensions>qrc;*</Extensions>
      <ParseFiles>false</ParseFiles>
    </Filter>
    <Filter Include="Generated Files">
      <UniqueIdentifier>{71ED8ED8-ACB9-4CE9-BBE1-E00B30144E11}</UniqueIdentifier>
      <Extensions>moc;h;cpp</Extensions>
      <SourceControlFiles>False</SourceControlFiles>
    </Filter>
    <Filter Include="Generated Files\Release">
      <UniqueIdentifier>{929fa23f-d812-4992-a902-46a5f3cbd5a9}</UniqueIdentifier>
      <Extensions>cpp;moc</Extensions>
      <SourceControlFiles>False</SourceControlFiles>
    </Filter>
    <Filter Include="Generated Files\Debug">
      <UniqueIdentifier>{4fe9e4f8-71e6-431d-a993-043dd8a064a6}</UniqueIdentifier>
      <Extensions>cpp;moc</Extensions>
      <SourceControlFiles>False</SourceControlFiles>
    </Filter>
    <Filter Include="cefclient">
      <UniqueIdentifier>{572be274-3f9e-4924-95f9-73b06be47d16}</UniqueIdentifier>
    </Filter>
    <Filter Include="Generated Files\Template">
      <UniqueIdentifier>{3f8c9b0b-e84b-474e-98cd-583470111a34}</UniqueIdentifier>
      <Extensions>cpp;moc</Extensions>
      <SourceControlFiles>False</SourceControlFiles>
    </Filter>
  </ItemGroup>
  <ItemGroup>
    <ClCompile Include="main.cpp">
      <Filter>Source Files</Filter>
    </ClCompile>
    <ClCompile Include="testqtcef.cpp">
      <Filter>Source Files</Filter>
    </ClCompile>
    <ClCompile Include="GeneratedFiles\qrc_testqtcef.cpp">
      <Filter>Generated Files</Filter>
    </ClCompile>
    <ClCompile Include="GeneratedFiles\Release\moc_testqtcef.cpp">
      <Filter>Generated Files\Release</Filter>
    </ClCompile>
    <ClCompile Include="GeneratedFiles\Debug\moc_testqtcef.cpp">
      <Filter>Generated Files\Debug</Filter>
    </ClCompile>
    <ClCompile Include="cefclient\cefclient.cpp">
      <Filter>cefclient</Filter>
    </ClCompile>
    <ClCompile Include="cefclient\cefclient_qt.cpp">
      <Filter>cefclient</Filter>
    </ClCompile>
    <ClCompile Include="cefclient\client_app.cpp">
      <Filter>cefclient</Filter>
    </ClCompile>
    <ClCompile Include="cefclient\client_app_delegates.cpp">
      <Filter>cefclient</Filter>
    </ClCompile>
    <ClCompile Include="cefclient\client_binding.cpp">
      <Filter>cefclient</Filter>
    </ClCompile>
    <ClCompile Include="cefclient\client_handler.cpp">
      <Filter>cefclient</Filter>
    </ClCompile>
    <ClCompile Include="cefclient\client_handler_qt.cpp">
      <Filter>cefclient</Filter>
    </ClCompile>
    <ClCompile Include="cefclient\client_renderer.cpp">
      <Filter>cefclient</Filter>
    </ClCompile>
    <ClCompile Include="cefclient\client_transfer.cpp">
      <Filter>cefclient</Filter>
    </ClCompile>
    <ClCompile Include="cefclient\message_event.cpp">
      <Filter>cefclient</Filter>
    </ClCompile>
    <ClCompile Include="cefclient\qcefwebview.cpp">
      <Filter>cefclient</Filter>
    </ClCompile>
    <ClCompile Include="GeneratedFiles\Debug\moc_qcefwebview.cpp">
      <Filter>Generated Files\Debug</Filter>
    </ClCompile>
    <ClCompile Include="GeneratedFiles\Release\moc_qcefwebview.cpp">
      <Filter>Generated Files\Release</Filter>
    </ClCompile>
    <ClCompile Include="GeneratedFiles\Template\moc_qcefwebview.cpp">
      <Filter>Generated Files\Template</Filter>
    </ClCompile>
  </ItemGroup>
  <ItemGroup>
    <ClInclude Include="GeneratedFiles\ui_testqtcef.h">
      <Filter>Generated Files</Filter>
    </ClInclude>
    <ClInclude Include="cefclient\cefclient.h">
      <Filter>cefclient</Filter>
    </ClInclude>
    <ClInclude Include="cefclient\client_app.h">
      <Filter>cefclient</Filter>
    </ClInclude>
    <ClInclude Include="cefclient\client_app_js.h">
      <Filter>cefclient</Filter>
    </ClInclude>
    <ClInclude Include="cefclient\client_binding.h">
      <Filter>cefclient</Filter>
    </ClInclude>
    <ClInclude Include="cefclient\client_handler.h">
      <Filter>cefclient</Filter>
    </ClInclude>
    <ClInclude Include="cefclient\client_renderer.h">
      <Filter>cefclient</Filter>
    </ClInclude>
    <ClInclude Include="cefclient\message_event.h">
      <Filter>cefclient</Filter>
    </ClInclude>
    <ClInclude Include="cefclient\util.h">
      <Filter>cefclient</Filter>
    </ClInclude>
  </ItemGroup>
  <ItemGroup>
    <CustomBuild Include="testqtcef.h">
      <Filter>Header Files</Filter>
    </CustomBuild>
    <CustomBuild Include="testqtcef.ui">
      <Filter>Form Files</Filter>
    </CustomBuild>
    <CustomBuild Include="testqtcef.qrc">
      <Filter>Resource Files</Filter>
    </CustomBuild>
    <CustomBuild Include="cefclient\qcefwebview.h">
      <Filter>cefclient</Filter>
    </CustomBuild>
    <CustomBuild Include="cefclient\client_transfer.h">
      <Filter>cefclient</Filter>
    </CustomBuild>
  </ItemGroup>
</Project>